
Microsoft Visual Studio Solution File, Format Version 12.00
# Visual Studio Version 17
VisualStudioVersion = 17.1.32210.238
MinimumVisualStudioVersion = 10.0.40219.1
Project("{9A19103F-16F7-4668-BE54-9A1E7A4F7556}") = "DiamondKata.ConsoleApp", "DiamondKata.Console\DiamondKata.ConsoleApp.csproj", "{37352B25-7A85-467D-B2E4-ACF94B1C7DCD}"
EndProject
Project("{FAE04EC0-301F-11D3-BF4B-00C04F79EFBC}") = "DiamondKata.UnitTest", "DiamondKata.UnitTest\DiamondKata.UnitTest.csproj", "{3642B55A-F4D3-41AC-ABA5-1C4674AC2EBB}"
EndProject
Global
	GlobalSection(SolutionConfigurationPlatforms) = preSolution
		Debug|Any CPU = Debug|Any CPU
		Release|Any CPU = Release|Any CPU
	EndGlobalSection
	GlobalSection(ProjectConfigurationPlatforms) = postSolution
		{37352B25-7A85-467D-B2E4-ACF94B1C7DCD}.Debug|Any CPU.ActiveCfg = Debug|Any CPU
		{37352B25-7A85-467D-B2E4-ACF94B1C7DCD}.Debug|Any CPU.Build.0 = Debug|Any CPU
		{37352B25-7A85-467D-B2E4-ACF94B1C7DCD}.Release|Any CPU.ActiveCfg = Release|Any CPU
		{37352B25-7A85-467D-B2E4-ACF94B1C7DCD}.Release|Any CPU.Build.0 = Release|Any CPU
		{3642B55A-F4D3-41AC-ABA5-1C4674AC2EBB}.Debug|Any CPU.ActiveCfg = Debug|Any CPU
		{3642B55A-F4D3-41AC-ABA5-1C4674AC2EBB}.Debug|Any CPU.Build.0 = Debug|Any CPU
		{3642B55A-F4D3-41AC-ABA5-1C4674AC2EBB}.Release|Any CPU.ActiveCfg = Release|Any CPU
		{3642B55A-F4D3-41AC-ABA5-1C4674AC2EBB}.Release|Any CPU.Build.0 = Release|Any CPU
	EndGlobalSection
	GlobalSection(SolutionProperties) = preSolution
		HideSolutionNode = FALSE
	EndGlobalSection
	GlobalSection(ExtensibilityGlobals) = postSolution
		SolutionGuid = {4560B4F7-298D-408A-A9CF-CDCEF4B3D3AE}
	EndGlobalSection
EndGlobal
